
Microsoft Visual Studio Solution File, Format Version 12.00
# Visual Studio Version 16
VisualStudioVersion = 16.0.32228.343
MinimumVisualStudioVersion = 10.0.40219.1
Project("{FAE04EC0-301F-11D3-BF4B-00C04F79EFBC}") = "NET ININ3_PR1 z4", "NET ININ3_PR1 z4.csproj", "{CFAE3E55-1D90-4516-8E78-5398341F113D}"
EndProject
Global
	GlobalSection(SolutionConfigurationPlatforms) = preSolution
		Debug|Any CPU = Debug|Any CPU
		Release|Any CPU = Release|Any CPU
	EndGlobalSection
	GlobalSection(ProjectConfigurationPlatforms) = postSolution
		{CFAE3E55-1D90-4516-8E78-5398341F113D}.Debug|Any CPU.ActiveCfg = Debug|Any CPU
		{CFAE3E55-1D90-4516-8E78-5398341F113D}.Debug|Any CPU.Build.0 = Debug|Any CPU
		{CFAE3E55-1D90-4516-8E78-5398341F113D}.Release|Any CPU.ActiveCfg = Release|Any CPU
		{CFAE3E55-1D90-4516-8E78-5398341F113D}.Release|Any CPU.Build.0 = Release|Any CPU
	EndGlobalSection
	GlobalSection(SolutionProperties) = preSolution
		HideSolutionNode = FALSE
	EndGlobalSection
	GlobalSection(ExtensibilityGlobals) = postSolution
		SolutionGuid = {96B8D111-FB25-43F6-8BBC-AACBB9D99402}
	EndGlobalSection
EndGlobal
